
Microsoft Visual Studio Solution File, Format Version 12.00
# Visual Studio 15
VisualStudioVersion = 15.0.26124.0
MinimumVisualStudioVersion = 15.0.26124.0
Project("{FAE04EC0-301F-11D3-BF4B-00C04F79EFBC}") = "IbgeClient", "IbgeClient\IbgeClient.csproj", "{07ADD529-9D68-4E29-849D-201A96A4CC03}"
EndProject
Project("{FAE04EC0-301F-11D3-BF4B-00C04F79EFBC}") = "Tests", "Tests\Tests.csproj", "{50665882-09E8-40B2-BDB9-2F99116DC9FF}"
EndProject
Global
	GlobalSection(SolutionConfigurationPlatforms) = preSolution
		Debug|Any CPU = Debug|Any CPU
		Debug|x64 = Debug|x64
		Debug|x86 = Debug|x86
		Release|Any CPU = Release|Any CPU
		Release|x64 = Release|x64
		Release|x86 = Release|x86
	EndGlobalSection
	GlobalSection(SolutionProperties) = preSolution
		HideSolutionNode = FALSE
	EndGlobalSection
	GlobalSection(ProjectConfigurationPlatforms) = postSolution
		{CE7F1327-AD48-450F-93C5-B8DF3B060865}.Debug|Any CPU.ActiveCfg = Debug|Any CPU
		{CE7F1327-AD48-450F-93C5-B8DF3B060865}.Debug|Any CPU.Build.0 = Debug|Any CPU
		{CE7F1327-AD48-450F-93C5-B8DF3B060865}.Debug|x64.ActiveCfg = Debug|Any CPU
		{CE7F1327-AD48-450F-93C5-B8DF3B060865}.Debug|x64.Build.0 = Debug|Any CPU
		{CE7F1327-AD48-450F-93C5-B8DF3B060865}.Debug|x86.ActiveCfg = Debug|Any CPU
		{CE7F1327-AD48-450F-93C5-B8DF3B060865}.Debug|x86.Build.0 = Debug|Any CPU
		{CE7F1327-AD48-450F-93C5-B8DF3B060865}.Release|Any CPU.ActiveCfg = Release|Any CPU
		{CE7F1327-AD48-450F-93C5-B8DF3B060865}.Release|Any CPU.Build.0 = Release|Any CPU
		{CE7F1327-AD48-450F-93C5-B8DF3B060865}.Release|x64.ActiveCfg = Release|Any CPU
		{CE7F1327-AD48-450F-93C5-B8DF3B060865}.Release|x64.Build.0 = Release|Any CPU
		{CE7F1327-AD48-450F-93C5-B8DF3B060865}.Release|x86.ActiveCfg = Release|Any CPU
		{CE7F1327-AD48-450F-93C5-B8DF3B060865}.Release|x86.Build.0 = Release|Any CPU
		{07ADD529-9D68-4E29-849D-201A96A4CC03}.Debug|Any CPU.ActiveCfg = Debug|Any CPU
		{07ADD529-9D68-4E29-849D-201A96A4CC03}.Debug|Any CPU.Build.0 = Debug|Any CPU
		{07ADD529-9D68-4E29-849D-201A96A4CC03}.Debug|x64.ActiveCfg = Debug|Any CPU
		{07ADD529-9D68-4E29-849D-201A96A4CC03}.Debug|x64.Build.0 = Debug|Any CPU
		{07ADD529-9D68-4E29-849D-201A96A4CC03}.Debug|x86.ActiveCfg = Debug|Any CPU
		{07ADD529-9D68-4E29-849D-201A96A4CC03}.Debug|x86.Build.0 = Debug|Any CPU
		{07ADD529-9D68-4E29-849D-201A96A4CC03}.Release|Any CPU.ActiveCfg = Release|Any CPU
		{07ADD529-9D68-4E29-849D-201A96A4CC03}.Release|Any CPU.Build.0 = Release|Any CPU
		{07ADD529-9D68-4E29-849D-201A96A4CC03}.Release|x64.ActiveCfg = Release|Any CPU
		{07ADD529-9D68-4E29-849D-201A96A4CC03}.Release|x64.Build.0 = Release|Any CPU
		{07ADD529-9D68-4E29-849D-201A96A4CC03}.Release|x86.ActiveCfg = Release|Any CPU
		{07ADD529-9D68-4E29-849D-201A96A4CC03}.Release|x86.Build.0 = Release|Any CPU
		{55813E8A-8D17-4F89-9852-2BCB923BA363}.Debug|Any CPU.ActiveCfg = Debug|Any CPU
		{55813E8A-8D17-4F89-9852-2BCB923BA363}.Debug|Any CPU.Build.0 = Debug|Any CPU
		{55813E8A-8D17-4F89-9852-2BCB923BA363}.Debug|x64.ActiveCfg = Debug|Any CPU
		{55813E8A-8D17-4F89-9852-2BCB923BA363}.Debug|x64.Build.0 = Debug|Any CPU
		{55813E8A-8D17-4F89-9852-2BCB923BA363}.Debug|x86.ActiveCfg = Debug|Any CPU
		{55813E8A-8D17-4F89-9852-2BCB923BA363}.Debug|x86.Build.0 = Debug|Any CPU
		{55813E8A-8D17-4F89-9852-2BCB923BA363}.Release|Any CPU.ActiveCfg = Release|Any CPU
		{55813E8A-8D17-4F89-9852-2BCB923BA363}.Release|Any CPU.Build.0 = Release|Any CPU
		{55813E8A-8D17-4F89-9852-2BCB923BA363}.Release|x64.ActiveCfg = Release|Any CPU
		{55813E8A-8D17-4F89-9852-2BCB923BA363}.Release|x64.Build.0 = Release|Any CPU
		{55813E8A-8D17-4F89-9852-2BCB923BA363}.Release|x86.ActiveCfg = Release|Any CPU
		{55813E8A-8D17-4F89-9852-2BCB923BA363}.Release|x86.Build.0 = Release|Any CPU
		{50665882-09E8-40B2-BDB9-2F99116DC9FF}.Debug|Any CPU.ActiveCfg = Debug|Any CPU
		{50665882-09E8-40B2-BDB9-2F99116DC9FF}.Debug|Any CPU.Build.0 = Debug|Any CPU
		{50665882-09E8-40B2-BDB9-2F99116DC9FF}.Debug|x64.ActiveCfg = Debug|Any CPU
		{50665882-09E8-40B2-BDB9-2F99116DC9FF}.Debug|x64.Build.0 = Debug|Any CPU
		{50665882-09E8-40B2-BDB9-2F99116DC9FF}.Debug|x86.ActiveCfg = Debug|Any CPU
		{50665882-09E8-40B2-BDB9-2F99116DC9FF}.Debug|x86.Build.0 = Debug|Any CPU
		{50665882-09E8-40B2-BDB9-2F99116DC9FF}.Release|Any CPU.ActiveCfg = Release|Any CPU
		{50665882-09E8-40B2-BDB9-2F99116DC9FF}.Release|Any CPU.Build.0 = Release|Any CPU
		{50665882-09E8-40B2-BDB9-2F99116DC9FF}.Release|x64.ActiveCfg = Release|Any CPU
		{50665882-09E8-40B2-BDB9-2F99116DC9FF}.Release|x64.Build.0 = Release|Any CPU
		{50665882-09E8-40B2-BDB9-2F99116DC9FF}.Release|x86.ActiveCfg = Release|Any CPU
		{50665882-09E8-40B2-BDB9-2F99116DC9FF}.Release|x86.Build.0 = Release|Any CPU
	EndGlobalSection
EndGlobal
